<?xml version="1.0" encoding="utf-8"?>
<Project ToolsVersion="4.0" xmlns="http://schemas.microsoft.com/developer/msbuild/2003">
  <ItemGroup>
    <Filter Include="Source Files">
      <UniqueIdentifier>{4FC737F1-C7A5-4376-A066-2A32D752A2FF}</UniqueIdentifier>
      <Extensions>cpp;c;cc;cxx;def;odl;idl;hpj;bat;asm;asmx</Extensions>
    </Filter>
    <Filter Include="Header Files">
      <UniqueIdentifier>{93995380-89BD-4b04-88EB-625FBE52EBFB}</UniqueIdentifier>
      <Extensions>h;hpp;hxx;hm;inl;inc;xsd</Extensions>
    </Filter>
    <Filter Include="Resource Files">
      <UniqueIdentifier>{67DA6AB6-F800-4c08-8B7A-83BB121AAD01}</UniqueIdentifier>
      <Extensions>rc;ico;cur;bmp;dlg;rc2;rct;bin;rgs;gif;jpg;jpeg;jpe;resx;tiff;tif;png;wav;mfcribbon-ms</Extensions>
    </Filter>
  </ItemGroup>
  <ItemGroup>
    <ClCompile Include="baseF.cpp">
      <Filter>Header Files</Filter>
    </ClCompile>
    <ClCompile Include="apE.cpp">
      <Filter>Header Files</Filter>
    </ClCompile>
    <ClCompile Include="showR.cpp">
      <Filter>Header Files</Filter>
    </ClCompile>
    <ClCompile Include="gpE.cpp">
      <Filter>Header Files</Filter>
    </ClCompile>
    <ClCompile Include="binoE.cpp">
      <Filter>Header Files</Filter>
    </ClCompile>
    <ClCompile Include="ForU.cpp">
      <Filter>Header Files</Filter>
    </ClCompile>
    <ClCompile Include="freqD.cpp">
      <Filter>Header Files</Filter>
    </ClCompile>
    <ClCompile Include="scaD.cpp">
      <Filter>Header Files</Filter>
    </ClCompile>
    <ClCompile Include="speed.cpp">
      <Filter>Header Files</Filter>
    </ClCompile>
  </ItemGroup>
  <ItemGroup>
    <ClInclude Include="baseF.h">
      <Filter>Header Files</Filter>
    </ClInclude>
    <ClInclude Include="apE.h">
      <Filter>Header Files</Filter>
    </ClInclude>
    <ClInclude Include="showR.h">
      <Filter>Header Files</Filter>
    </ClInclude>
    <ClInclude Include="CoreControls.h">
      <Filter>Header Files</Filter>
    </ClInclude>
    <ClInclude Include="resource.h">
      <Filter>Header Files</Filter>
    </ClInclude>
    <ClInclude Include="gpE.h">
      <Filter>Header Files</Filter>
    </ClInclude>
    <ClInclude Include="binoE.h">
      <Filter>Header Files</Filter>
    </ClInclude>
    <ClInclude Include="ForU.h">
      <Filter>Header Files</Filter>
    </ClInclude>
    <ClInclude Include="freqD.h">
      <Filter>Header Files</Filter>
    </ClInclude>
    <ClInclude Include="scaD.h">
      <Filter>Header Files</Filter>
    </ClInclude>
    <ClInclude Include="speed.h">
      <Filter>Header Files</Filter>
    </ClInclude>
  </ItemGroup>
  <ItemGroup>
    <EmbeddedResource Include="apE.resx">
      <Filter>Resource Files</Filter>
    </EmbeddedResource>
    <EmbeddedResource Include="baseF.resx">
      <Filter>Resource Files</Filter>
    </EmbeddedResource>
    <EmbeddedResource Include="showR.resx">
      <Filter>Resource Files</Filter>
    </EmbeddedResource>
    <EmbeddedResource Include="binoE.resx">
      <Filter>Resource Files</Filter>
    </EmbeddedResource>
    <EmbeddedResource Include="gpE.resx">
      <Filter>Resource Files</Filter>
    </EmbeddedResource>
    <EmbeddedResource Include="ForU.resx">
      <Filter>Resource Files</Filter>
    </EmbeddedResource>
    <EmbeddedResource Include="freqD.resx">
      <Filter>Resource Files</Filter>
    </EmbeddedResource>
    <EmbeddedResource Include="scaD.resx">
      <Filter>Resource Files</Filter>
    </EmbeddedResource>
    <EmbeddedResource Include="speed.resx">
      <Filter>Resource Files</Filter>
    </EmbeddedResource>
  </ItemGroup>
  <ItemGroup>
    <ResourceCompile Include="mExams.rc">
      <Filter>Resource Files</Filter>
    </ResourceCompile>
  </ItemGroup>
  <ItemGroup>
    <Image Include="..\..\..\..\..\..\Pictures\Icon\ico\altimeter.ico">
      <Filter>Resource Files</Filter>
    </Image>
  </ItemGroup>
</Project>